
Microsoft Visual Studio Solution File, Format Version 12.00
# Visual Studio Version 17
VisualStudioVersion = 17.0.31912.275
MinimumVisualStudioVersion = 10.0.40219.1
Project("{9A19103F-16F7-4668-BE54-9A1E7A4F7556}") = "aspnet-core-sample", "aspnet-core-sample\aspnet-core-sample.csproj", "{64AEB7CF-C002-42EF-89C3-D9DBED588343}"
EndProject
Project("{2150E333-8FDC-42A3-9474-1A3956D46DE8}") = "Solution Items", "Solution Items", "{F0C59EDD-7DE7-4437-8EE3-DD5F6E2BAB4D}"
	ProjectSection(SolutionItems) = preProject
		..\..\README.md = ..\..\README.md
	EndProjectSection
EndProject
Project("{9A19103F-16F7-4668-BE54-9A1E7A4F7556}") = "aspnet-core-sample.UnitTests", "aspnet-core-sample.UnitTests\aspnet-core-sample.UnitTests.csproj", "{8A807894-40F5-4B43-A7B7-D5A99AB9AC00}"
EndProject
Project("{9A19103F-16F7-4668-BE54-9A1E7A4F7556}") = "aspnet-core-sample.FunctionalTests", "aspnet-core-sample.FunctionalTests\aspnet-core-sample.FunctionalTests.csproj", "{138224C9-7B67-4C26-9514-D0080DA0DA9F}"
EndProject
Project("{00D1A9C2-B5F0-4AF3-8072-F6C62B433612}") = "aspnet-core-sample.Database", "Database\aspnet-core-sample.Database.sqlproj", "{0CBF1AEE-39A8-417A-A06B-878F170EF8B6}"
EndProject
Global
	GlobalSection(SolutionConfigurationPlatforms) = preSolution
		Debug|Any CPU = Debug|Any CPU
		Release|Any CPU = Release|Any CPU
	EndGlobalSection
	GlobalSection(ProjectConfigurationPlatforms) = postSolution
		{64AEB7CF-C002-42EF-89C3-D9DBED588343}.Debug|Any CPU.ActiveCfg = Debug|Any CPU
		{64AEB7CF-C002-42EF-89C3-D9DBED588343}.Debug|Any CPU.Build.0 = Debug|Any CPU
		{64AEB7CF-C002-42EF-89C3-D9DBED588343}.Release|Any CPU.ActiveCfg = Release|Any CPU
		{64AEB7CF-C002-42EF-89C3-D9DBED588343}.Release|Any CPU.Build.0 = Release|Any CPU
		{8A807894-40F5-4B43-A7B7-D5A99AB9AC00}.Debug|Any CPU.ActiveCfg = Debug|Any CPU
		{8A807894-40F5-4B43-A7B7-D5A99AB9AC00}.Debug|Any CPU.Build.0 = Debug|Any CPU
		{8A807894-40F5-4B43-A7B7-D5A99AB9AC00}.Release|Any CPU.ActiveCfg = Release|Any CPU
		{8A807894-40F5-4B43-A7B7-D5A99AB9AC00}.Release|Any CPU.Build.0 = Release|Any CPU
		{138224C9-7B67-4C26-9514-D0080DA0DA9F}.Debug|Any CPU.ActiveCfg = Debug|Any CPU
		{138224C9-7B67-4C26-9514-D0080DA0DA9F}.Debug|Any CPU.Build.0 = Debug|Any CPU
		{138224C9-7B67-4C26-9514-D0080DA0DA9F}.Release|Any CPU.ActiveCfg = Release|Any CPU
		{138224C9-7B67-4C26-9514-D0080DA0DA9F}.Release|Any CPU.Build.0 = Release|Any CPU
		{0CBF1AEE-39A8-417A-A06B-878F170EF8B6}.Debug|Any CPU.ActiveCfg = Debug|Any CPU
		{0CBF1AEE-39A8-417A-A06B-878F170EF8B6}.Debug|Any CPU.Build.0 = Debug|Any CPU
		{0CBF1AEE-39A8-417A-A06B-878F170EF8B6}.Debug|Any CPU.Deploy.0 = Debug|Any CPU
		{0CBF1AEE-39A8-417A-A06B-878F170EF8B6}.Release|Any CPU.ActiveCfg = Release|Any CPU
		{0CBF1AEE-39A8-417A-A06B-878F170EF8B6}.Release|Any CPU.Build.0 = Release|Any CPU
		{0CBF1AEE-39A8-417A-A06B-878F170EF8B6}.Release|Any CPU.Deploy.0 = Release|Any CPU
	EndGlobalSection
	GlobalSection(SolutionProperties) = preSolution
		HideSolutionNode = FALSE
	EndGlobalSection
	GlobalSection(ExtensibilityGlobals) = postSolution
		SolutionGuid = {59356F10-212D-45C4-9352-40DEC15AEB3A}
	EndGlobalSection
EndGlobal
